
Microsoft Visual Studio Solution File, Format Version 12.00
# Visual Studio 15
VisualStudioVersion = 15.0.28010.2048
MinimumVisualStudioVersion = 10.0.40219.1
Project("{FAE04EC0-301F-11D3-BF4B-00C04F79EFBC}") = "Ado.NetLesson9", "Ado.NetLesson9\Ado.NetLesson9.csproj", "{6374D25A-DEF3-40F1-BCA8-B4BEA5C0665E}"
EndProject
Global
	GlobalSection(SolutionConfigurationPlatforms) = preSolution
		Debug|Any CPU = Debug|Any CPU
		Release|Any CPU = Release|Any CPU
	EndGlobalSection
	GlobalSection(ProjectConfigurationPlatforms) = postSolution
		{6374D25A-DEF3-40F1-BCA8-B4BEA5C0665E}.Debug|Any CPU.ActiveCfg = Debug|Any CPU
		{6374D25A-DEF3-40F1-BCA8-B4BEA5C0665E}.Debug|Any CPU.Build.0 = Debug|Any CPU
		{6374D25A-DEF3-40F1-BCA8-B4BEA5C0665E}.Release|Any CPU.ActiveCfg = Release|Any CPU
		{6374D25A-DEF3-40F1-BCA8-B4BEA5C0665E}.Release|Any CPU.Build.0 = Release|Any CPU
	EndGlobalSection
	GlobalSection(SolutionProperties) = preSolution
		HideSolutionNode = FALSE
	EndGlobalSection
	GlobalSection(ExtensibilityGlobals) = postSolution
		SolutionGuid = {E894760A-8EE4-4430-9DAA-C3E10F793002}
	EndGlobalSection
EndGlobal
